PODS:
  - Impose (1.2.5)
  - Nimble (9.2.0)
  - Quick (4.0.0)

DEPENDENCIES:
  - Impose (from `../`)
  - Nimble (~> 9.2.0)
  - Quick (~> 4.0.0)

SPEC REPOS:
  trunk:
    - Nimble
    - Quick

EXTERNAL SOURCES:
  Impose:
    :path: "../"

SPEC CHECKSUMS:
  Impose: c0d3879c4d2112387eaf40228bca92a06379688c
  Nimble: 4f4a345c80b503b3ea13606a4f98405974ee4d0b
  Quick: 6473349e43b9271a8d43839d9ba1c442ed1b7ac4

PODFILE CHECKSUM: acaac386609fd58aefba7c40720556f88975f0ec

COCOAPODS: 1.10.1
