PODS:
  - Impose (1.2.6)
  - Nimble (9.2.1)
  - Quick (4.0.0)

DEPENDENCIES:
  - Impose (from `../`)
  - Nimble (~> 9.2.1)
  - Quick (~> 4.0.0)

SPEC REPOS:
  trunk:
    - Nimble
    - Quick

EXTERNAL SOURCES:
  Impose:
    :path: "../"

SPEC CHECKSUMS:
  Impose: 9b806524e7af38e2f5622ba1ff8830054727f9dc
  Nimble: e7e615c0335ee4bf5b0d786685451e62746117d5
  Quick: 6473349e43b9271a8d43839d9ba1c442ed1b7ac4

PODFILE CHECKSUM: f11626566822b0f1b1c5cb8dc22b49aa867f2084

COCOAPODS: 1.11.2
